{
  "name": "1. maps",
  "lockfileVersion": 2,
  "requires": true,
  "packages": {
    "": {
      "dependencies": {
        "@types/google-maps": "^3.2.3",
        "faker": "5.5.3"
      },
      "devDependencies": {
        "@types/faker": "5.5.9",
        "typescript": "4.6.3"
      }
    },
    "node_modules/@types/faker": {
      "version": "5.5.9",
      "resolved": "https://nexus.dev.brandmaker.com/repository/npm-bm/@types/faker/-/faker-5.5.9.tgz",
      "integrity": "sha512-uCx6mP3UY5SIO14XlspxsGjgaemrxpssJI0Ol+GfhxtcKpv9pgRZYsS4eeKeHVLje6Qtc8lGszuBI461+gVZBA==",
      "dev": true,
      "license": "MIT"
    },
    "node_modules/@types/google-maps": {
      "version": "3.2.3",
      "resolved": "https://nexus.dev.brandmaker.com/repository/npm-bm/@types/google-maps/-/google-maps-3.2.3.tgz",
      "integrity": "sha512-+GR/7sMvo2bENS26H4t2QqoCqE4FE5qhsG8aaDM9mJAlsorkLyaFdTQra8VkmS1RNE09fx9c1kac+GKG0RtA2A==",
      "license": "MIT",
      "dependencies": {
        "@types/google.maps": "*"
      }
    },
    "node_modules/@types/google.maps": {
      "version": "3.48.3",
      "resolved": "https://nexus.dev.brandmaker.com/repository/npm-bm/@types/google.maps/-/google.maps-3.48.3.tgz",
      "integrity": "sha512-JQuLWAEXDorNfarQy22WbIezbPKhLnsTBnDw25vyg61USZLTK8KqE1glNyASKn2v2mUOcEIWFMNHX5hNzjuw/g==",
      "license": "MIT"
    },
    "node_modules/faker": {
      "version": "5.5.3",
      "resolved": "https://nexus.dev.brandmaker.com/repository/npm-bm/faker/-/faker-5.5.3.tgz",
      "integrity": "sha512-wLTv2a28wjUyWkbnX7u/ABZBkUkIF2fCd73V6P2oFqEGEktDfzWx4UxrSqtPRw0xPRAcjeAOIiJWqZm3pP4u3g==",
      "license": "MIT"
    },
    "node_modules/typescript": {
      "version": "4.6.3",
      "resolved": "https://nexus.dev.brandmaker.com/repository/npm-bm/typescript/-/typescript-4.6.3.tgz",
      "integrity": "sha512-yNIatDa5iaofVozS/uQJEl3JRWLKKGJKh6Yaiv0GLGSuhpFJe7P3SbHZ8/yjAHRQwKRoA6YZqlfjXWmVzoVSMw==",
      "dev": true,
      "license": "Apache-2.0",
      "bin": {
        "tsc": "bin/tsc",
        "tsserver": "bin/tsserver"
      },
      "engines": {
        "node": ">=4.2.0"
      }
    }
  },
  "dependencies": {
    "@types/faker": {
      "version": "5.5.9",
      "resolved": "https://nexus.dev.brandmaker.com/repository/npm-bm/@types/faker/-/faker-5.5.9.tgz",
      "integrity": "sha512-uCx6mP3UY5SIO14XlspxsGjgaemrxpssJI0Ol+GfhxtcKpv9pgRZYsS4eeKeHVLje6Qtc8lGszuBI461+gVZBA==",
      "dev": true
    },
    "@types/google-maps": {
      "version": "3.2.3",
      "resolved": "https://nexus.dev.brandmaker.com/repository/npm-bm/@types/google-maps/-/google-maps-3.2.3.tgz",
      "integrity": "sha512-+GR/7sMvo2bENS26H4t2QqoCqE4FE5qhsG8aaDM9mJAlsorkLyaFdTQra8VkmS1RNE09fx9c1kac+GKG0RtA2A==",
      "requires": {
        "@types/google.maps": "*"
      }
    },
    "@types/google.maps": {
      "version": "3.48.3",
      "resolved": "https://nexus.dev.brandmaker.com/repository/npm-bm/@types/google.maps/-/google.maps-3.48.3.tgz",
      "integrity": "sha512-JQuLWAEXDorNfarQy22WbIezbPKhLnsTBnDw25vyg61USZLTK8KqE1glNyASKn2v2mUOcEIWFMNHX5hNzjuw/g=="
    },
    "faker": {
      "version": "5.5.3",
      "resolved": "https://nexus.dev.brandmaker.com/repository/npm-bm/faker/-/faker-5.5.3.tgz",
      "integrity": "sha512-wLTv2a28wjUyWkbnX7u/ABZBkUkIF2fCd73V6P2oFqEGEktDfzWx4UxrSqtPRw0xPRAcjeAOIiJWqZm3pP4u3g=="
    },
    "typescript": {
      "version": "4.6.3",
      "resolved": "https://nexus.dev.brandmaker.com/repository/npm-bm/typescript/-/typescript-4.6.3.tgz",
      "integrity": "sha512-yNIatDa5iaofVozS/uQJEl3JRWLKKGJKh6Yaiv0GLGSuhpFJe7P3SbHZ8/yjAHRQwKRoA6YZqlfjXWmVzoVSMw==",
      "dev": true
    }
  }
}
